{
  "name": "amp-validator-spider",
  "version": "1.0.0",
  "lockfileVersion": 1,
  "requires": true,
  "dependencies": {
    "amphtml-validator": {
      "version": "1.0.30",
      "resolved": "https://registry.npmjs.org/amphtml-validator/-/amphtml-validator-1.0.30.tgz",
      "integrity": "sha512-CaEm2ivIi4M4QTiFnCE9t4MRgawCf88iAV/+VsS0zEw6T4VBU6zoXcgn4L+dt6/WZ/NYxKpc38duSoRLqZJhNQ==",
      "requires": {
        "colors": "1.2.5",
        "commander": "2.15.1",
        "promise": "8.0.1"
      }
    },
    "asap": {
      "version": "2.0.6",
      "resolved": "https://registry.npmjs.org/asap/-/asap-2.0.6.tgz",
      "integrity": "sha1-5QNHYR1+aQlDIIu9r+vLwvuGbUY="
    },
    "axios": {
      "version": "0.21.1",
      "resolved": "https://registry.npmjs.org/axios/-/axios-0.21.1.tgz",
      "integrity": "sha512-dKQiRHxGD9PPRIUNIWvZhPTPpl1rf/OxTYKsqKUDjBwYylTvV7SjSHJb9ratfyzM6wCdLCOYLzs73qpg5c4iGA==",
      "requires": {
        "follow-redirects": "^1.10.0"
      }
    },
    "colors": {
      "version": "1.2.5",
      "resolved": "https://registry.npmjs.org/colors/-/colors-1.2.5.tgz",
      "integrity": "sha512-erNRLao/Y3Fv54qUa0LBB+//Uf3YwMUmdJinN20yMXm9zdKKqH9wt7R9IIVZ+K7ShzfpLV/Zg8+VyrBJYB4lpg=="
    },
    "commander": {
      "version": "2.15.1",
      "resolved": "https://registry.npmjs.org/commander/-/commander-2.15.1.tgz",
      "integrity": "sha512-VlfT9F3V0v+jr4yxPc5gg9s62/fIVWsd2Bk2iD435um1NlGMYdVCq+MjcXnhYq2icNOizHr1kK+5TI6H0Hy0ag=="
    },
    "follow-redirects": {
      "version": "1.14.8",
      "resolved": "https://registry.npmjs.org/follow-redirects/-/follow-redirects-1.14.8.tgz",
      "integrity": "sha512-1x0S9UVJHsQprFcEC/qnNzBLcIxsjAV905f/UkQxbclCsoTWlacCNOpQa/anodLl2uaEKFhfWOvM2Qg77+15zA=="
    },
    "promise": {
      "version": "8.0.1",
      "resolved": "https://registry.npmjs.org/promise/-/promise-8.0.1.tgz",
      "integrity": "sha1-5F1osAoXZHttpxG/he1u1HII9FA=",
      "requires": {
        "asap": "~2.0.3"
      }
    }
  }
}
